{
  "lockfile_version": "1",
  "packages": {
    "awscli2": {
      "resolved": "github:NixOS/nixpkgs/2a725d40de138714db4872dc7405d86457aa17ad?narHash=sha256-WWNNjCSzQCtATpCFEijm81NNG1xqlLMVbIzXAiZysbs%3D#awscli2",
      "source": "nixpkg"
    },
    "github:NixOS/nixpkgs/nixpkgs-unstable": {
      "resolved": "github:NixOS/nixpkgs/2a725d40de138714db4872dc7405d86457aa17ad?lastModified=1742395137&narHash=sha256-WWNNjCSzQCtATpCFEijm81NNG1xqlLMVbIzXAiZysbs%3D"
    },
    "jq": {
      "resolved": "github:NixOS/nixpkgs/2a725d40de138714db4872dc7405d86457aa17ad?narHash=sha256-WWNNjCSzQCtATpCFEijm81NNG1xqlLMVbIzXAiZysbs%3D#jq",
      "source": "nixpkg"
    },
    "kind@latest": {
      "last_modified": "2025-03-11T17:52:14Z",
      "resolved": "github:NixOS/nixpkgs/0d534853a55b5d02a4ababa1d71921ce8f0aee4c#kind",
      "source": "devbox-search",
      "version": "0.27.0",
      "systems": {
        "aarch64-darwin": {
          "outputs": [
            {
              "name": "out",
              "path": "/nix/store/6pdsjczw3jrxfdms3vavbrszdn03z18h-kind-0.27.0",
              "default": true
            }
          ],
          "store_path": "/nix/store/6pdsjczw3jrxfdms3vavbrszdn03z18h-kind-0.27.0"
        },
        "aarch64-linux": {
          "outputs": [
            {
              "name": "out",
              "path": "/nix/store/x583vvi4hpz8l7kn8rrwgvap8mxawc3b-kind-0.27.0",
              "default": true
            }
          ],
          "store_path": "/nix/store/x583vvi4hpz8l7kn8rrwgvap8mxawc3b-kind-0.27.0"
        },
        "x86_64-darwin": {
          "outputs": [
            {
              "name": "out",
              "path": "/nix/store/s3q5xzg0hhbi23l424gwm91823qawlhz-kind-0.27.0",
              "default": true
            }
          ],
          "store_path": "/nix/store/s3q5xzg0hhbi23l424gwm91823qawlhz-kind-0.27.0"
        },
        "x86_64-linux": {
          "outputs": [
            {
              "name": "out",
              "path": "/nix/store/l1bwqbahw30drpmivzivl9w47c8gfj1c-kind-0.27.0",
              "default": true
            }
          ],
          "store_path": "/nix/store/l1bwqbahw30drpmivzivl9w47c8gfj1c-kind-0.27.0"
        }
      }
    },
    "kubectl": {
      "resolved": "github:NixOS/nixpkgs/2a725d40de138714db4872dc7405d86457aa17ad?narHash=sha256-WWNNjCSzQCtATpCFEijm81NNG1xqlLMVbIzXAiZysbs%3D#kubectl",
      "source": "nixpkg"
    },
    "python3": {
      "plugin_version": "0.0.4",
      "resolved": "github:NixOS/nixpkgs/2a725d40de138714db4872dc7405d86457aa17ad?narHash=sha256-WWNNjCSzQCtATpCFEijm81NNG1xqlLMVbIzXAiZysbs%3D#python3",
      "source": "nixpkg"
    },
    "python312Packages.requests": {
      "resolved": "github:NixOS/nixpkgs/2a725d40de138714db4872dc7405d86457aa17ad?narHash=sha256-WWNNjCSzQCtATpCFEijm81NNG1xqlLMVbIzXAiZysbs%3D#python312Packages.requests",
      "source": "nixpkg"
    },
    "terraform": {
      "resolved": "github:NixOS/nixpkgs/2a725d40de138714db4872dc7405d86457aa17ad?narHash=sha256-WWNNjCSzQCtATpCFEijm81NNG1xqlLMVbIzXAiZysbs%3D#terraform",
      "source": "nixpkg"
    }
  }
}
